{
    "name": "react-iro",
    "version": "0.0.19",
    "lockfileVersion": 3,
    "requires": true,
    "packages": {
        "": {
            "name": "react-iro",
            "version": "0.0.19",
            "license": "ISC",
            "dependencies": {
                "@jaames/iro": ">=5.5.2"
            },
            "devDependencies": {
                "@jaames/iro": ">=5.5.2",
                "react": ">=16",
                "typescript": "^5.1.6"
            },
            "peerDependencies": {
                "@jaames/iro": ">=5.5.2",
                "@types/react": ">=16",
                "react": ">=16"
            }
        },
        "node_modules/@irojs/iro-core": {
            "version": "1.2.1",
            "resolved": "https://registry.npmjs.org/@irojs/iro-core/-/iro-core-1.2.1.tgz",
            "integrity": "sha512-p2OvsBSSmidsDsTSkID6jEyXDF7lcyxPrkh3qBzasBZFpjkYd6kZ3yMWai3MlAaQ3F7li/Et7rSJVV09Fpei+A==",
            "dev": true
        },
        "node_modules/@jaames/iro": {
            "version": "5.5.2",
            "resolved": "https://registry.npmjs.org/@jaames/iro/-/iro-5.5.2.tgz",
            "integrity": "sha512-Fbi5U4Vdkw6UsF+R3oMlPONqkvUDMkwzh+mX718gQsDFt3+1r1jvGsrfCbedmXAAy0WsjDHOrefK0BkDk99TQg==",
            "dev": true,
            "dependencies": {
                "@irojs/iro-core": "^1.2.1",
                "preact": "^10.0.0"
            }
        },
        "node_modules/@types/prop-types": {
            "version": "15.7.5",
            "resolved": "https://registry.npmjs.org/@types/prop-types/-/prop-types-15.7.5.tgz",
            "integrity": "sha512-JCB8C6SnDoQf0cNycqd/35A7MjcnK+ZTqE7judS6o7utxUCg6imJg3QK2qzHKszlTjcj2cn+NwMB2i96ubpj7w==",
            "peer": true
        },
        "node_modules/@types/react": {
            "version": "18.2.18",
            "resolved": "https://registry.npmjs.org/@types/react/-/react-18.2.18.tgz",
            "integrity": "sha512-da4NTSeBv/P34xoZPhtcLkmZuJ+oYaCxHmyHzwaDQo9RQPBeXV+06gEk2FpqEcsX9XrnNLvRpVh6bdavDSjtiQ==",
            "peer": true,
            "dependencies": {
                "@types/prop-types": "*",
                "@types/scheduler": "*",
                "csstype": "^3.0.2"
            }
        },
        "node_modules/@types/scheduler": {
            "version": "0.16.3",
            "resolved": "https://registry.npmjs.org/@types/scheduler/-/scheduler-0.16.3.tgz",
            "integrity": "sha512-5cJ8CB4yAx7BH1oMvdU0Jh9lrEXyPkar6F9G/ERswkCuvP4KQZfZkSjcMbAICCpQTN4OuZn8tz0HiKv9TGZgrQ==",
            "peer": true
        },
        "node_modules/csstype": {
            "version": "3.1.2",
            "resolved": "https://registry.npmjs.org/csstype/-/csstype-3.1.2.tgz",
            "integrity": "sha512-I7K1Uu0MBPzaFKg4nI5Q7Vs2t+3gWWW648spaF+Rg7pI9ds18Ugn+lvg4SHczUdKlHI5LWBXyqfS8+DufyBsgQ==",
            "peer": true
        },
        "node_modules/js-tokens": {
            "version": "4.0.0",
            "resolved": "https://registry.npmjs.org/js-tokens/-/js-tokens-4.0.0.tgz",
            "integrity": "sha512-RdJUflcE3cUzKiMqQgsCu06FPu9UdIJO0beYbPhHN4k6apgJtifcoCtT9bcxOpYBtpD2kCM6Sbzg4CausW/PKQ==",
            "dev": true
        },
        "node_modules/loose-envify": {
            "version": "1.4.0",
            "resolved": "https://registry.npmjs.org/loose-envify/-/loose-envify-1.4.0.tgz",
            "integrity": "sha512-lyuxPGr/Wfhrlem2CL/UcnUc1zcqKAImBDzukY7Y5F/yQiNdko6+fRLevlw1HgMySw7f611UIY408EtxRSoK3Q==",
            "dev": true,
            "dependencies": {
                "js-tokens": "^3.0.0 || ^4.0.0"
            },
            "bin": {
                "loose-envify": "cli.js"
            }
        },
        "node_modules/preact": {
            "version": "10.16.0",
            "resolved": "https://registry.npmjs.org/preact/-/preact-10.16.0.tgz",
            "integrity": "sha512-XTSj3dJ4roKIC93pald6rWuB2qQJO9gO2iLLyTe87MrjQN+HklueLsmskbywEWqCHlclgz3/M4YLL2iBr9UmMA==",
            "dev": true,
            "funding": {
                "type": "opencollective",
                "url": "https://opencollective.com/preact"
            }
        },
        "node_modules/react": {
            "version": "18.2.0",
            "resolved": "https://registry.npmjs.org/react/-/react-18.2.0.tgz",
            "integrity": "sha512-/3IjMdb2L9QbBdWiW5e3P2/npwMBaU9mHCSCUzNln0ZCYbcfTsGbTJrU/kGemdH2IWmB2ioZ+zkxtmq6g09fGQ==",
            "dev": true,
            "dependencies": {
                "loose-envify": "^1.1.0"
            },
            "engines": {
                "node": ">=0.10.0"
            }
        },
        "node_modules/typescript": {
            "version": "5.1.6",
            "resolved": "https://registry.npmjs.org/typescript/-/typescript-5.1.6.tgz",
            "integrity": "sha512-zaWCozRZ6DLEWAWFrVDz1H6FVXzUSfTy5FUMWsQlU8Ym5JP9eO4xkTIROFCQvhQf61z6O/G6ugw3SgAnvvm+HA==",
            "dev": true,
            "bin": {
                "tsc": "bin/tsc",
                "tsserver": "bin/tsserver"
            },
            "engines": {
                "node": ">=14.17"
            }
        }
    }
}
